
Microsoft Visual Studio Solution File, Format Version 12.00
# Visual Studio Version 16
VisualStudioVersion = 16.0.31829.152
MinimumVisualStudioVersion = 10.0.40219.1
Project("{FAE04EC0-301F-11D3-BF4B-00C04F79EFBC}") = "DumpAADSyncCreds", "DumpAADSyncCreds\DumpAADSyncCreds.csproj", "{95A40D7C-F3F7-4C45-8C5A-D384DE50B6C9}"
EndProject
Global
	GlobalSection(SolutionConfigurationPlatforms) = preSolution
		Debug|Any CPU = Debug|Any CPU
		Release|Any CPU = Release|Any CPU
	EndGlobalSection
	GlobalSection(ProjectConfigurationPlatforms) = postSolution
		{95A40D7C-F3F7-4C45-8C5A-D384DE50B6C9}.Debug|Any CPU.ActiveCfg = Debug|Any CPU
		{95A40D7C-F3F7-4C45-8C5A-D384DE50B6C9}.Debug|Any CPU.Build.0 = Debug|Any CPU
		{95A40D7C-F3F7-4C45-8C5A-D384DE50B6C9}.Release|Any CPU.ActiveCfg = Release|Any CPU
		{95A40D7C-F3F7-4C45-8C5A-D384DE50B6C9}.Release|Any CPU.Build.0 = Release|Any CPU
	EndGlobalSection
	GlobalSection(SolutionProperties) = preSolution
		HideSolutionNode = FALSE
	EndGlobalSection
	GlobalSection(ExtensibilityGlobals) = postSolution
		SolutionGuid = {00778697-3127-44A9-8AC2-7B2613890FD7}
	EndGlobalSection
EndGlobal
